
Microsoft Visual Studio Solution File, Format Version 12.00
# Visual Studio 15
VisualStudioVersion = 15.0.27428.2037
MinimumVisualStudioVersion = 10.0.40219.1
Project("{FAE04EC0-301F-11D3-BF4B-00C04F79EFBC}") = "Library", "Library\Library.csproj", "{D95C2224-55D6-4864-9C40-34A16D059ABF}"
EndProject
Project("{FAE04EC0-301F-11D3-BF4B-00C04F79EFBC}") = "Tests", "Tests\Tests.csproj", "{AD5BBE3A-C3D2-4450-9995-BE6950A05E46}"
EndProject
Global
	GlobalSection(SolutionConfigurationPlatforms) = preSolution
		Debug|Any CPU = Debug|Any CPU
		Release|Any CPU = Release|Any CPU
	EndGlobalSection
	GlobalSection(ProjectConfigurationPlatforms) = postSolution
		{D95C2224-55D6-4864-9C40-34A16D059ABF}.Debug|Any CPU.ActiveCfg = Debug|Any CPU
		{D95C2224-55D6-4864-9C40-34A16D059ABF}.Debug|Any CPU.Build.0 = Debug|Any CPU
		{D95C2224-55D6-4864-9C40-34A16D059ABF}.Release|Any CPU.ActiveCfg = Release|Any CPU
		{D95C2224-55D6-4864-9C40-34A16D059ABF}.Release|Any CPU.Build.0 = Release|Any CPU
		{AD5BBE3A-C3D2-4450-9995-BE6950A05E46}.Debug|Any CPU.ActiveCfg = Debug|Any CPU
		{AD5BBE3A-C3D2-4450-9995-BE6950A05E46}.Debug|Any CPU.Build.0 = Debug|Any CPU
		{AD5BBE3A-C3D2-4450-9995-BE6950A05E46}.Release|Any CPU.ActiveCfg = Release|Any CPU
		{AD5BBE3A-C3D2-4450-9995-BE6950A05E46}.Release|Any CPU.Build.0 = Release|Any CPU
	EndGlobalSection
	GlobalSection(SolutionProperties) = preSolution
		HideSolutionNode = FALSE
	EndGlobalSection
	GlobalSection(ExtensibilityGlobals) = postSolution
		SolutionGuid = {F70F10FB-EA31-46DE-8A0A-3EB2495F74E0}
	EndGlobalSection
EndGlobal
