
Microsoft Visual Studio Solution File, Format Version 12.00
# Visual Studio 15
VisualStudioVersion = 15.0.27428.2037
MinimumVisualStudioVersion = 10.0.40219.1
Project("{2150E333-8FDC-42A3-9474-1A3956D46DE8}") = "Presentation", "Presentation", "{1C88E2BE-7EB2-403F-ADB7-0322367FCC23}"
EndProject
Project("{2150E333-8FDC-42A3-9474-1A3956D46DE8}") = "Tests", "Tests", "{0BBC515D-E453-439D-974F-5DED1793A866}"
EndProject
Project("{2150E333-8FDC-42A3-9474-1A3956D46DE8}") = "Domain", "Domain", "{5414A6E4-ED88-4ACC-A43D-B7447EA1C3EB}"
EndProject
Project("{2150E333-8FDC-42A3-9474-1A3956D46DE8}") = "Infrastructure", "Infrastructure", "{59841E57-8C3D-44DA-A791-A387D8906627}"
EndProject
Project("{FAE04EC0-301F-11D3-BF4B-00C04F79EFBC}") = "RR.DomainContracts", "RR.DomainContracts\RR.DomainContracts.csproj", "{42F03871-A175-43B4-8573-B05B10621846}"
EndProject
Project("{FAE04EC0-301F-11D3-BF4B-00C04F79EFBC}") = "RR.DomainServices", "RR.DomainServices\RR.DomainServices.csproj", "{EC567FED-89B4-44A8-9F19-2FA4E049D940}"
EndProject
Project("{FAE04EC0-301F-11D3-BF4B-00C04F79EFBC}") = "RR.Models", "RR.Models\RR.Models.csproj", "{59B9E961-1C32-4EC4-B0A0-E176367070CB}"
EndProject
Project("{FAE04EC0-301F-11D3-BF4B-00C04F79EFBC}") = "RR.RepositoryContracts", "RR.RepositoryContracts\RR.RepositoryContracts.csproj", "{D196DCBD-1E43-4471-9EF6-F1E675F3F055}"
EndProject
Project("{FAE04EC0-301F-11D3-BF4B-00C04F79EFBC}") = "RR.Logging", "RR.Logging\RR.Logging.csproj", "{B5B253D7-4101-4735-8682-158834ED05C6}"
EndProject
Project("{2150E333-8FDC-42A3-9474-1A3956D46DE8}") = "DomainContracts", "DomainContracts", "{EE7D6EBC-E567-453B-BEEF-EFC5F12BF466}"
EndProject
Project("{2150E333-8FDC-42A3-9474-1A3956D46DE8}") = "DomainServices", "DomainServices", "{6CCEF006-56EB-445F-84BE-D2DB71C2125B}"
EndProject
Project("{2150E333-8FDC-42A3-9474-1A3956D46DE8}") = "Models", "Models", "{CC96DC2A-40EC-4AF8-A18B-41014D535E1A}"
EndProject
Project("{2150E333-8FDC-42A3-9474-1A3956D46DE8}") = "RepositoryContracts", "RepositoryContracts", "{8385C12C-1C0E-4548-AF35-32E248F6FBD1}"
EndProject
Project("{2150E333-8FDC-42A3-9474-1A3956D46DE8}") = "Logging", "Logging", "{D12E2369-E6FD-4BDD-A055-92162CD27477}"
EndProject
Project("{2150E333-8FDC-42A3-9474-1A3956D46DE8}") = "Mapping", "Mapping", "{2C331E2F-9E7D-46ED-9707-375519367EBF}"
EndProject
Project("{FAE04EC0-301F-11D3-BF4B-00C04F79EFBC}") = "RR.Mapping", "RR.Mapping\RR.Mapping.csproj", "{F15D40FD-6608-43F9-9B98-A65088F8E62D}"
EndProject
Project("{2150E333-8FDC-42A3-9474-1A3956D46DE8}") = "Repositories", "Repositories", "{107A5C26-462F-4139-9CCD-754B834BCE0A}"
EndProject
Project("{FAE04EC0-301F-11D3-BF4B-00C04F79EFBC}") = "Repositories", "Repositories\Repositories.csproj", "{2B197E51-2FD7-473D-8FDC-F8939F3562FD}"
EndProject
Project("{2150E333-8FDC-42A3-9474-1A3956D46DE8}") = "Console", "Console", "{D1D791D8-2BC9-4713-A5AA-9CAF36CC0096}"
EndProject
Project("{FAE04EC0-301F-11D3-BF4B-00C04F79EFBC}") = "RR.Console", "RR.Console\RR.Console.csproj", "{97661C42-E882-4962-A3EB-B4569D2A7539}"
EndProject
Project("{FAE04EC0-301F-11D3-BF4B-00C04F79EFBC}") = "RR.Tests", "RR.Tests\RR.Tests.csproj", "{6B4AEC63-31E9-43D0-BD0F-5DBD7D30A179}"
EndProject
Project("{2150E333-8FDC-42A3-9474-1A3956D46DE8}") = "ViewModels", "ViewModels", "{09C92038-7321-43CF-95CC-1EBA99752511}"
EndProject
Project("{FAE04EC0-301F-11D3-BF4B-00C04F79EFBC}") = "RR.ViewModels", "RR.ViewModels\RR.ViewModels.csproj", "{835F9C96-55E9-456F-BB20-2F437B31202D}"
EndProject
Global
	GlobalSection(SolutionConfigurationPlatforms) = preSolution
		Debug|Any CPU = Debug|Any CPU
		Release|Any CPU = Release|Any CPU
	EndGlobalSection
	GlobalSection(ProjectConfigurationPlatforms) = postSolution
		{42F03871-A175-43B4-8573-B05B10621846}.Debug|Any CPU.ActiveCfg = Debug|Any CPU
		{42F03871-A175-43B4-8573-B05B10621846}.Debug|Any CPU.Build.0 = Debug|Any CPU
		{42F03871-A175-43B4-8573-B05B10621846}.Release|Any CPU.ActiveCfg = Release|Any CPU
		{42F03871-A175-43B4-8573-B05B10621846}.Release|Any CPU.Build.0 = Release|Any CPU
		{EC567FED-89B4-44A8-9F19-2FA4E049D940}.Debug|Any CPU.ActiveCfg = Debug|Any CPU
		{EC567FED-89B4-44A8-9F19-2FA4E049D940}.Debug|Any CPU.Build.0 = Debug|Any CPU
		{EC567FED-89B4-44A8-9F19-2FA4E049D940}.Release|Any CPU.ActiveCfg = Release|Any CPU
		{EC567FED-89B4-44A8-9F19-2FA4E049D940}.Release|Any CPU.Build.0 = Release|Any CPU
		{59B9E961-1C32-4EC4-B0A0-E176367070CB}.Debug|Any CPU.ActiveCfg = Debug|Any CPU
		{59B9E961-1C32-4EC4-B0A0-E176367070CB}.Debug|Any CPU.Build.0 = Debug|Any CPU
		{59B9E961-1C32-4EC4-B0A0-E176367070CB}.Release|Any CPU.ActiveCfg = Release|Any CPU
		{59B9E961-1C32-4EC4-B0A0-E176367070CB}.Release|Any CPU.Build.0 = Release|Any CPU
		{D196DCBD-1E43-4471-9EF6-F1E675F3F055}.Debug|Any CPU.ActiveCfg = Debug|Any CPU
		{D196DCBD-1E43-4471-9EF6-F1E675F3F055}.Debug|Any CPU.Build.0 = Debug|Any CPU
		{D196DCBD-1E43-4471-9EF6-F1E675F3F055}.Release|Any CPU.ActiveCfg = Release|Any CPU
		{D196DCBD-1E43-4471-9EF6-F1E675F3F055}.Release|Any CPU.Build.0 = Release|Any CPU
		{B5B253D7-4101-4735-8682-158834ED05C6}.Debug|Any CPU.ActiveCfg = Debug|Any CPU
		{B5B253D7-4101-4735-8682-158834ED05C6}.Debug|Any CPU.Build.0 = Debug|Any CPU
		{B5B253D7-4101-4735-8682-158834ED05C6}.Release|Any CPU.ActiveCfg = Release|Any CPU
		{B5B253D7-4101-4735-8682-158834ED05C6}.Release|Any CPU.Build.0 = Release|Any CPU
		{F15D40FD-6608-43F9-9B98-A65088F8E62D}.Debug|Any CPU.ActiveCfg = Debug|Any CPU
		{F15D40FD-6608-43F9-9B98-A65088F8E62D}.Debug|Any CPU.Build.0 = Debug|Any CPU
		{F15D40FD-6608-43F9-9B98-A65088F8E62D}.Release|Any CPU.ActiveCfg = Release|Any CPU
		{F15D40FD-6608-43F9-9B98-A65088F8E62D}.Release|Any CPU.Build.0 = Release|Any CPU
		{2B197E51-2FD7-473D-8FDC-F8939F3562FD}.Debug|Any CPU.ActiveCfg = Debug|Any CPU
		{2B197E51-2FD7-473D-8FDC-F8939F3562FD}.Debug|Any CPU.Build.0 = Debug|Any CPU
		{2B197E51-2FD7-473D-8FDC-F8939F3562FD}.Release|Any CPU.ActiveCfg = Release|Any CPU
		{2B197E51-2FD7-473D-8FDC-F8939F3562FD}.Release|Any CPU.Build.0 = Release|Any CPU
		{97661C42-E882-4962-A3EB-B4569D2A7539}.Debug|Any CPU.ActiveCfg = Debug|Any CPU
		{97661C42-E882-4962-A3EB-B4569D2A7539}.Debug|Any CPU.Build.0 = Debug|Any CPU
		{97661C42-E882-4962-A3EB-B4569D2A7539}.Release|Any CPU.ActiveCfg = Release|Any CPU
		{97661C42-E882-4962-A3EB-B4569D2A7539}.Release|Any CPU.Build.0 = Release|Any CPU
		{6B4AEC63-31E9-43D0-BD0F-5DBD7D30A179}.Debug|Any CPU.ActiveCfg = Debug|Any CPU
		{6B4AEC63-31E9-43D0-BD0F-5DBD7D30A179}.Debug|Any CPU.Build.0 = Debug|Any CPU
		{6B4AEC63-31E9-43D0-BD0F-5DBD7D30A179}.Release|Any CPU.ActiveCfg = Release|Any CPU
		{6B4AEC63-31E9-43D0-BD0F-5DBD7D30A179}.Release|Any CPU.Build.0 = Release|Any CPU
		{835F9C96-55E9-456F-BB20-2F437B31202D}.Debug|Any CPU.ActiveCfg = Debug|Any CPU
		{835F9C96-55E9-456F-BB20-2F437B31202D}.Debug|Any CPU.Build.0 = Debug|Any CPU
		{835F9C96-55E9-456F-BB20-2F437B31202D}.Release|Any CPU.ActiveCfg = Release|Any CPU
		{835F9C96-55E9-456F-BB20-2F437B31202D}.Release|Any CPU.Build.0 = Release|Any CPU
	EndGlobalSection
	GlobalSection(SolutionProperties) = preSolution
		HideSolutionNode = FALSE
	EndGlobalSection
	GlobalSection(NestedProjects) = preSolution
		{42F03871-A175-43B4-8573-B05B10621846} = {EE7D6EBC-E567-453B-BEEF-EFC5F12BF466}
		{EC567FED-89B4-44A8-9F19-2FA4E049D940} = {6CCEF006-56EB-445F-84BE-D2DB71C2125B}
		{59B9E961-1C32-4EC4-B0A0-E176367070CB} = {CC96DC2A-40EC-4AF8-A18B-41014D535E1A}
		{D196DCBD-1E43-4471-9EF6-F1E675F3F055} = {8385C12C-1C0E-4548-AF35-32E248F6FBD1}
		{B5B253D7-4101-4735-8682-158834ED05C6} = {D12E2369-E6FD-4BDD-A055-92162CD27477}
		{EE7D6EBC-E567-453B-BEEF-EFC5F12BF466} = {5414A6E4-ED88-4ACC-A43D-B7447EA1C3EB}
		{6CCEF006-56EB-445F-84BE-D2DB71C2125B} = {5414A6E4-ED88-4ACC-A43D-B7447EA1C3EB}
		{CC96DC2A-40EC-4AF8-A18B-41014D535E1A} = {5414A6E4-ED88-4ACC-A43D-B7447EA1C3EB}
		{8385C12C-1C0E-4548-AF35-32E248F6FBD1} = {5414A6E4-ED88-4ACC-A43D-B7447EA1C3EB}
		{D12E2369-E6FD-4BDD-A055-92162CD27477} = {59841E57-8C3D-44DA-A791-A387D8906627}
		{2C331E2F-9E7D-46ED-9707-375519367EBF} = {59841E57-8C3D-44DA-A791-A387D8906627}
		{F15D40FD-6608-43F9-9B98-A65088F8E62D} = {2C331E2F-9E7D-46ED-9707-375519367EBF}
		{107A5C26-462F-4139-9CCD-754B834BCE0A} = {59841E57-8C3D-44DA-A791-A387D8906627}
		{2B197E51-2FD7-473D-8FDC-F8939F3562FD} = {107A5C26-462F-4139-9CCD-754B834BCE0A}
		{D1D791D8-2BC9-4713-A5AA-9CAF36CC0096} = {1C88E2BE-7EB2-403F-ADB7-0322367FCC23}
		{97661C42-E882-4962-A3EB-B4569D2A7539} = {D1D791D8-2BC9-4713-A5AA-9CAF36CC0096}
		{6B4AEC63-31E9-43D0-BD0F-5DBD7D30A179} = {0BBC515D-E453-439D-974F-5DED1793A866}
		{09C92038-7321-43CF-95CC-1EBA99752511} = {1C88E2BE-7EB2-403F-ADB7-0322367FCC23}
		{835F9C96-55E9-456F-BB20-2F437B31202D} = {09C92038-7321-43CF-95CC-1EBA99752511}
	EndGlobalSection
	GlobalSection(ExtensibilityGlobals) = postSolution
		SolutionGuid = {F87BC19F-5C43-4567-9980-8C1A740A01B0}
	EndGlobalSection
EndGlobal
